hash: 564ccd768d7b1c1df27f0208c7441163ee4e85c776c536025e22d68c735b98fc
updated: 2016-03-27T22:31:07.106209134-07:00
imports:
- name: github.com/gorilla/context
  version: 1c83b3eabd45b6d76072b66b746c20815fb2872d
- name: github.com/gorilla/mux
  version: 26a6070f849969ba72b72256e9f14cf519751690
- name: github.com/hoisie/mustache
  version: af524a16a1b1bd467c342969bf37db23433466c4
- name: github.com/stretchr/objx
  version: 1a9d0bb9f541897e62256577b352fdbc1fb4fd94
- name: github.com/stretchr/testify
  version: 232e8563676cd15c3a36ba5e675ad4312ac4cb11
  subpackages:
  - assert
  - require
  - suite
  - http
  - mock
- name: gopkg.in/mgo.v2
  version: b6e2fa371e64216a45e61072a96d4e3859f169da
  subpackages:
  - bson
  - internal/sasl
  - internal/scram
devImports: []
